Microsoft Visual Studio Solution File, Format Version 11.00
# Visual Studio 2008

Project("{6041419C-5E6C-D108-76B3-9ADE81A6E731}") = "Village Wranglers", "Assembly-CSharp.csproj", "{008EF7A0-A7F8-3F0E-50A0-4BC0D705B3A9}"
EndProject
Global
	GlobalSection(SolutionConfigurationPlatforms) = preSolution
		Debug|Any CPU = Debug|Any CPU
		Release|Any CPU = Release|Any CPU
	EndGlobalSection
	GlobalSection(ProjectConfigurationPlatforms) = postSolution
		{008EF7A0-A7F8-3F0E-50A0-4BC0D705B3A9}.Debug|Any CPU.ActiveCfg = Debug|Any CPU
		{008EF7A0-A7F8-3F0E-50A0-4BC0D705B3A9}.Debug|Any CPU.Build.0 = Debug|Any CPU
		{008EF7A0-A7F8-3F0E-50A0-4BC0D705B3A9}.Release|Any CPU.ActiveCfg = Release|Any CPU
		{008EF7A0-A7F8-3F0E-50A0-4BC0D705B3A9}.Release|Any CPU.Build.0 = Release|Any CPU
	EndGlobalSection
	GlobalSection(SolutionProperties) = preSolution
		HideSolutionNode = FALSE
	EndGlobalSection
	GlobalSection(MonoDevelopProperties) = preSolution
		StartupItem = Assembly-CSharp.csproj
	EndGlobalSection
EndGlobal
